
Microsoft Visual Studio Solution File, Format Version 12.00
# Visual Studio 14
VisualStudioVersion = 14.0.23107.0
MinimumVisualStudioVersion = 10.0.40219.1
Project("{FAE04EC0-301F-11D3-BF4B-00C04F79EFBC}") = "WebApplication1", "WebApplication1\WebApplication1.csproj", "{6FA25906-EE77-4EAA-98A3-474505BB982D}"
EndProject
Project("{FAE04EC0-301F-11D3-BF4B-00C04F79EFBC}") = "WebApplication2", "WebApplication2\WebApplication2.csproj", "{D8C08B3A-A8DB-492A-9803-0369D5955610}"
EndProject
Project("{FAE04EC0-301F-11D3-BF4B-00C04F79EFBC}") = "AuthServer", "AuthServer\AuthServer.csproj", "{154AC6EC-29DC-4364-9207-413851873FAB}"
EndProject
Global
	GlobalSection(SolutionConfigurationPlatforms) = preSolution
		Debug|Any CPU = Debug|Any CPU
		Release|Any CPU = Release|Any CPU
	EndGlobalSection
	GlobalSection(ProjectConfigurationPlatforms) = postSolution
		{6FA25906-EE77-4EAA-98A3-474505BB982D}.Debug|Any CPU.ActiveCfg = Debug|Any CPU
		{6FA25906-EE77-4EAA-98A3-474505BB982D}.Debug|Any CPU.Build.0 = Debug|Any CPU
		{6FA25906-EE77-4EAA-98A3-474505BB982D}.Release|Any CPU.ActiveCfg = Release|Any CPU
		{6FA25906-EE77-4EAA-98A3-474505BB982D}.Release|Any CPU.Build.0 = Release|Any CPU
		{D8C08B3A-A8DB-492A-9803-0369D5955610}.Debug|Any CPU.ActiveCfg = Debug|Any CPU
		{D8C08B3A-A8DB-492A-9803-0369D5955610}.Debug|Any CPU.Build.0 = Debug|Any CPU
		{D8C08B3A-A8DB-492A-9803-0369D5955610}.Release|Any CPU.ActiveCfg = Release|Any CPU
		{D8C08B3A-A8DB-492A-9803-0369D5955610}.Release|Any CPU.Build.0 = Release|Any CPU
		{154AC6EC-29DC-4364-9207-413851873FAB}.Debug|Any CPU.ActiveCfg = Debug|Any CPU
		{154AC6EC-29DC-4364-9207-413851873FAB}.Debug|Any CPU.Build.0 = Debug|Any CPU
		{154AC6EC-29DC-4364-9207-413851873FAB}.Release|Any CPU.ActiveCfg = Release|Any CPU
		{154AC6EC-29DC-4364-9207-413851873FAB}.Release|Any CPU.Build.0 = Release|Any CPU
	EndGlobalSection
	GlobalSection(SolutionProperties) = preSolution
		HideSolutionNode = FALSE
	EndGlobalSection
EndGlobal
